{
    "_readme": [
        "This file locks the dependencies of your project to a known state",
        "Read more about it at https://getcomposer.org/doc/01-basic-usage.md#composer-lock-the-lock-file",
        "This file is @generated automatically"
    ],
    "content-hash": "fffb0c661c4873ab25e674443ff38c4e",
    "packages": [
        {
            "name": "petrknap/php-singleton",
            "version": "v1.0.0",
            "source": {
                "type": "git",
                "url": "https://github.com/petrknap/php-singleton.git",
                "reference": "dec131d0d6c72dd76b5a5c7940f04f14f5df7a20"
            },
            "dist": {
                "type": "zip",
                "url": "https://api.github.com/repos/petrknap/php-singleton/zipball/dec131d0d6c72dd76b5a5c7940f04f14f5df7a20",
                "reference": "dec131d0d6c72dd76b5a5c7940f04f14f5df7a20",
                "shasum": ""
            },
            "require": {
                "php": ">=5.4"
            },
            "require-dev": {
                "phpunit/phpunit": "4.*"
            },
            "type": "library",
            "autoload": {
                "psr-4": {
                    "PetrKnap\\Php\\Singleton\\": "src/Singleton"
                }
            },
            "notification-url": "https://packagist.org/downloads/",
            "license": [
                "MIT"
            ],
            "authors": [
                {
                    "name": "Petr Knap",
                    "email": "dev@petrknap.cz",
                    "homepage": "http://petrknap.cz"
                }
            ],
            "description": "Singleton pattern for PHP",
            "homepage": "https://github.com/petrknap/php-singleton",
            "time": "2016-09-22T07:59:18+00:00"
        }
    ],
    "packages-dev": [],
    "aliases": [],
    "minimum-stability": "stable",
    "stability-flags": [],
    "prefer-stable": false,
    "prefer-lowest": false,
    "platform": [],
    "platform-dev": []
}
